
Microsoft Visual Studio Solution File, Format Version 11.00
# Visual C# Express 2010
Project("{FAE04EC0-301F-11D3-BF4B-00C04F79EFBC}") = "KeyWii", "KeyWii\KeyWii.csproj", "{928CE2E0-AAD5-492E-A8C6-688244B36F1A}"
EndProject
Project("{FAE04EC0-301F-11D3-BF4B-00C04F79EFBC}") = "WiimoteLib", "WiimoteLib\WiimoteLib.csproj", "{229C76AA-81FD-4848-ABDA-6F0572ADFF50}"
EndProject
Global
	GlobalSection(SolutionConfigurationPlatforms) = preSolution
		Debug|Any CPU = Debug|Any CPU
		Release|Any CPU = Release|Any CPU
	EndGlobalSection
	GlobalSection(ProjectConfigurationPlatforms) = postSolution
		{928CE2E0-AAD5-492E-A8C6-688244B36F1A}.Debug|Any CPU.ActiveCfg = Debug|Any CPU
		{928CE2E0-AAD5-492E-A8C6-688244B36F1A}.Debug|Any CPU.Build.0 = Debug|Any CPU
		{928CE2E0-AAD5-492E-A8C6-688244B36F1A}.Release|Any CPU.ActiveCfg = Release|Any CPU
		{928CE2E0-AAD5-492E-A8C6-688244B36F1A}.Release|Any CPU.Build.0 = Release|Any CPU
		{229C76AA-81FD-4848-ABDA-6F0572ADFF50}.Debug|Any CPU.ActiveCfg = Debug|Any CPU
		{229C76AA-81FD-4848-ABDA-6F0572ADFF50}.Debug|Any CPU.Build.0 = Debug|Any CPU
		{229C76AA-81FD-4848-ABDA-6F0572ADFF50}.Release|Any CPU.ActiveCfg = Release|Any CPU
		{229C76AA-81FD-4848-ABDA-6F0572ADFF50}.Release|Any CPU.Build.0 = Release|Any CPU
	EndGlobalSection
	GlobalSection(SolutionProperties) = preSolution
		HideSolutionNode = FALSE
	EndGlobalSection
EndGlobal
